
Microsoft Visual Studio Solution File, Format Version 12.00
# Visual Studio Version 17
VisualStudioVersion = 17.1.32210.238
MinimumVisualStudioVersion = 10.0.40219.1
Project("{9A19103F-16F7-4668-BE54-9A1E7A4F7556}") = "SoftwareUpdater", "SoftwareUpdater\SoftwareUpdater.csproj", "{95BAD4F6-4019-42DC-AA60-1ED39D5660D4}"
EndProject
Project("{2150E333-8FDC-42A3-9474-1A3956D46DE8}") = "Solution Items", "Solution Items", "{D17BFE79-6948-4CD1-BA71-D9B094E46DD9}"
	ProjectSection(SolutionItems) = preProject
		.editorconfig = .editorconfig
	EndProjectSection
EndProject
Global
	GlobalSection(SolutionConfigurationPlatforms) = preSolution
		Debug|Any CPU = Debug|Any CPU
		Release|Any CPU = Release|Any CPU
	EndGlobalSection
	GlobalSection(ProjectConfigurationPlatforms) = postSolution
		{95BAD4F6-4019-42DC-AA60-1ED39D5660D4}.Debug|Any CPU.ActiveCfg = Debug|Any CPU
		{95BAD4F6-4019-42DC-AA60-1ED39D5660D4}.Debug|Any CPU.Build.0 = Debug|Any CPU
		{95BAD4F6-4019-42DC-AA60-1ED39D5660D4}.Release|Any CPU.ActiveCfg = Release|Any CPU
		{95BAD4F6-4019-42DC-AA60-1ED39D5660D4}.Release|Any CPU.Build.0 = Release|Any CPU
	EndGlobalSection
	GlobalSection(SolutionProperties) = preSolution
		HideSolutionNode = FALSE
	EndGlobalSection
	GlobalSection(ExtensibilityGlobals) = postSolution
		SolutionGuid = {C389FA93-9C68-4058-8D7F-AAAC0D0E8C9F}
	EndGlobalSection
EndGlobal
